// !$*UTF8*$!
{
	archiveVersion = 1;
	classes = {
	};
	objectVersion = 46;
	objects = {

/* Begin PBXBuildFile section */
		111CDC5E1E9C8F9E007E62EC /* Alamofire.framework in Frameworks */ = {isa = PBXBuildFile; fileRef = 111CDC5D1E9C8F9E007E62EC /* Alamofire.framework */; };
		117ACB001E9AFA33002DCA80 /* AppDelegate.swift in Sources */ = {isa = PBXBuildFile; fileRef = 117ACAFF1E9AFA33002DCA80 /* AppDelegate.swift */; };
		117ACB021E9AFA33002DCA80 /* WeatherViewController.swift in Sources */ = {isa = PBXBuildFile; fileRef = 117ACB011E9AFA33002DCA80 /* WeatherViewController.swift */; };
		117ACB051E9AFA33002DCA80 /* Main.storyboard in Resources */ = {isa = PBXBuildFile; fileRef = 117ACB031E9AFA33002DCA80 /* Main.storyboard */; };
		117ACB071E9AFA33002DCA80 /* Assets.xcassets in Resources */ = {isa = PBXBuildFile; fileRef = 117ACB061E9AFA33002DCA80 /* Assets.xcassets */; };
		117ACB0A1E9AFA33002DCA80 /* LaunchScreen.storyboard in Resources */ = {isa = PBXBuildFile; fileRef = 117ACB081E9AFA33002DCA80 /* LaunchScreen.storyboard */; };
		118012D71E9C940D00B734CC /* Alamofire.framework in Frameworks */ = {isa = PBXBuildFile; fileRef = 118012CA1E9C92F000B734CC /* Alamofire.framework */; };
		118012D81E9C940D00B734CC /* Alamofire.framework in Embed Frameworks */ = {isa = PBXBuildFile; fileRef = 118012CA1E9C92F000B734CC /* Alamofire.framework */; settings = {ATTRIBUTES = (CodeSignOnCopy, RemoveHeadersOnCopy, ); }; };
		11C7A68A1E9EB48D0008590A /* Constants.swift in Sources */ = {isa = PBXBuildFile; fileRef = 11C7A6891E9EB48D0008590A /* Constants.swift */; };
		11C7A6931E9EC31F0008590A /* CurrentWeather.swift in Sources */ = {isa = PBXBuildFile; fileRef = 11C7A6921E9EC31F0008590A /* CurrentWeather.swift */; };
		BF9C62AF6062E8F0685D67D1 /* Pods_realWeather.framework in Frameworks */ = {isa = PBXBuildFile; fileRef = 4F47CB104C525166F7CE537D /* Pods_realWeather.framework */; };
/* End PBXBuildFile section */

/* Begin PBXContainerItemProxy section */
		118012C91E9C92F000B734CC /* PBXContainerItemProxy */ = {
			isa = PBXContainerItemProxy;
			containerPortal = 118012BE1E9C92F000B734CC /* Alamofire.xcodeproj */;
			proxyType = 2;
			remoteGlobalIDString = F8111E3319A95C8B0040E7D1;
			remoteInfo = "Alamofire iOS";
		};
		118012CB1E9C92F000B734CC /* PBXContainerItemProxy */ = {
			isa = PBXContainerItemProxy;
			containerPortal = 118012BE1E9C92F000B734CC /* Alamofire.xcodeproj */;
			proxyType = 2;
			remoteGlobalIDString = F8111E3E19A95C8B0040E7D1;
			remoteInfo = "Alamofire iOS Tests";
		};
		118012CD1E9C92F000B734CC /* PBXContainerItemProxy */ = {
			isa = PBXContainerItemProxy;
			containerPortal = 118012BE1E9C92F000B734CC /* Alamofire.xcodeproj */;
			proxyType = 2;
			remoteGlobalIDString = 4DD67C0B1A5C55C900ED2280;
			remoteInfo = "Alamofire macOS";
		};
		118012CF1E9C92F000B734CC /* PBXContainerItemProxy */ = {
			isa = PBXContainerItemProxy;
			containerPortal = 118012BE1E9C92F000B734CC /* Alamofire.xcodeproj */;
			proxyType = 2;
			remoteGlobalIDString = F829C6B21A7A94F100A2CD59;
			remoteInfo = "Alamofire macOS Tests";
		};
		118012D11E9C92F000B734CC /* PBXContainerItemProxy */ = {
			isa = PBXContainerItemProxy;
			containerPortal = 118012BE1E9C92F000B734CC /* Alamofire.xcodeproj */;
			proxyType = 2;
			remoteGlobalIDString = 4CF626EF1BA7CB3E0011A099;
			remoteInfo = "Alamofire tvOS";
		};
		118012D31E9C92F000B734CC /* PBXContainerItemProxy */ = {
			isa = PBXContainerItemProxy;
			containerPortal = 118012BE1E9C92F000B734CC /* Alamofire.xcodeproj */;
			proxyType = 2;
			remoteGlobalIDString = 4CF626F81BA7CB3E0011A099;
			remoteInfo = "Alamofire tvOS Tests";
		};
		118012D51E9C92F000B734CC /* PBXContainerItemProxy */ = {
			isa = PBXContainerItemProxy;
			containerPortal = 118012BE1E9C92F000B734CC /* Alamofire.xcodeproj */;
			proxyType = 2;
			remoteGlobalIDString = E4202FE01B667AA100C997FB;
			remoteInfo = "Alamofire watchOS";
		};
		118012D91E9C940D00B734CC /* PBXContainerItemProxy */ = {
			isa = PBXContainerItemProxy;
			containerPortal = 118012BE1E9C92F000B734CC /* Alamofire.xcodeproj */;
			proxyType = 1;
			remoteGlobalIDString = F8111E3219A95C8B0040E7D1;
			remoteInfo = "Alamofire iOS";
		};
/* End PBXContainerItemProxy section */

/* Begin PBXCopyFilesBuildPhase section */
		118012DB1E9C940D00B734CC /* Embed Frameworks */ = {
			isa = PBXCopyFilesBuildPhase;
			buildActionMask = 2147483647;
			dstPath = "";
			dstSubfolderSpec = 10;
			files = (
				118012D81E9C940D00B734CC /* Alamofire.framework in Embed Frameworks */,
			);
			name = "Embed Frameworks";
			runOnlyForDeploymentPostprocessing = 0;
		};
/* End PBXCopyFilesBuildPhase section */

/* Begin PBXFileReference section */
		0FF4B5CEBD925DDF982004F0 /* Pods-realWeather.debug.xcconfig */ = {isa = PBXFileReference; includeInIndex = 1; lastKnownFileType = text.xcconfig; name = "Pods-realWeather.debug.xcconfig"; path = "Pods/Target Support Files/Pods-realWeather/Pods-realWeather.debug.xcconfig"; sourceTree = "<group>"; };
		111CDC5D1E9C8F9E007E62EC /* Alamofire.framework */ = {isa = PBXFileReference; lastKnownFileType = wrapper.framework; name = Alamofire.framework; path = "../../../Library/Developer/Xcode/DerivedData/realWeather-hfcwyapxxonvchfuvojdcszlncij/Build/Products/Debug-iphonesimulator/Alamofire/Alamofire.framework"; sourceTree = "<group>"; };
		117ACAFC1E9AFA33002DCA80 /* realWeather.app */ = {isa = PBXFileReference; explicitFileType = wrapper.application; includeInIndex = 0; path = realWeather.app; sourceTree = BUILT_PRODUCTS_DIR; };
		117ACAFF1E9AFA33002DCA80 /* AppDelegate.swift */ = {isa = PBXFileReference; lastKnownFileType = sourcecode.swift; path = AppDelegate.swift; sourceTree = "<group>"; };
		117ACB011E9AFA33002DCA80 /* WeatherViewController.swift */ = {isa = PBXFileReference; lastKnownFileType = sourcecode.swift; path = WeatherViewController.swift; sourceTree = "<group>"; };
		117ACB041E9AFA33002DCA80 /* Base */ = {isa = PBXFileReference; lastKnownFileType = file.storyboard; name = Base; path = Base.lproj/Main.storyboard; sourceTree = "<group>"; };
		117ACB061E9AFA33002DCA80 /* Assets.xcassets */ = {isa = PBXFileReference; lastKnownFileType = folder.assetcatalog; path = Assets.xcassets; sourceTree = "<group>"; };
		117ACB091E9AFA33002DCA80 /* Base */ = {isa = PBXFileReference; lastKnownFileType = file.storyboard; name = Base; path = Base.lproj/LaunchScreen.storyboard; sourceTree = "<group>"; };
		117ACB0B1E9AFA33002DCA80 /* Info.plist */ = {isa = PBXFileReference; lastKnownFileType = text.plist.xml; path = Info.plist; sourceTree = "<group>"; };
		118012BE1E9C92F000B734CC /* Alamofire.xcodeproj */ = {isa = PBXFileReference; lastKnownFileType = "wrapper.pb-project"; name = Alamofire.xcodeproj; path = Alamofire/Alamofire.xcodeproj; sourceTree = "<group>"; };
		11C7A6891E9EB48D0008590A /* Constants.swift */ = {isa = PBXFileReference; fileEncoding = 4; lastKnownFileType = sourcecode.swift; path = Constants.swift; sourceTree = "<group>"; };
		11C7A6921E9EC31F0008590A /* CurrentWeather.swift */ = {isa = PBXFileReference; fileEncoding = 4; lastKnownFileType = sourcecode.swift; path = CurrentWeather.swift; sourceTree = "<group>"; };
		18C0883D4C813849EC2A3821 /* Pods-realWeather.release.xcconfig */ = {isa = PBXFileReference; includeInIndex = 1; lastKnownFileType = text.xcconfig; name = "Pods-realWeather.release.xcconfig"; path = "Pods/Target Support Files/Pods-realWeather/Pods-realWeather.release.xcconfig"; sourceTree = "<group>"; };
		4F47CB104C525166F7CE537D /* Pods_realWeather.framework */ = {isa = PBXFileReference; explicitFileType = wrapper.framework; includeInIndex = 0; path = Pods_realWeather.framework; sourceTree = BUILT_PRODUCTS_DIR; };
/* End PBXFileReference section */

/* Begin PBXFrameworksBuildPhase section */
		117ACAF91E9AFA32002DCA80 /* Frameworks */ = {
			isa = PBXFrameworksBuildPhase;
			buildActionMask = 2147483647;
			files = (
				111CDC5E1E9C8F9E007E62EC /* Alamofire.framework in Frameworks */,
				118012D71E9C940D00B734CC /* Alamofire.framework in Frameworks */,
				BF9C62AF6062E8F0685D67D1 /* Pods_realWeather.framework in Frameworks */,
			);
			runOnlyForDeploymentPostprocessing = 0;
		};
/* End PBXFrameworksBuildPhase section */

/* Begin PBXGroup section */
		117ACAF31E9AFA32002DCA80 = {
			isa = PBXGroup;
			children = (
				118012BE1E9C92F000B734CC /* Alamofire.xcodeproj */,
				117ACAFE1E9AFA33002DCA80 /* realWeather */,
				117ACAFD1E9AFA33002DCA80 /* Products */,
				BD5667E364B7F5D338E5C00E /* Pods */,
				6C550D7D10057C484BD51C00 /* Frameworks */,
			);
			sourceTree = "<group>";
		};
		117ACAFD1E9AFA33002DCA80 /* Products */ = {
			isa = PBXGroup;
			children = (
				117ACAFC1E9AFA33002DCA80 /* realWeather.app */,
			);
			name = Products;
			sourceTree = "<group>";
		};
		117ACAFE1E9AFA33002DCA80 /* realWeather */ = {
			isa = PBXGroup;
			children = (
				117ACAFF1E9AFA33002DCA80 /* AppDelegate.swift */,
				117ACB011E9AFA33002DCA80 /* WeatherViewController.swift */,
				117ACB031E9AFA33002DCA80 /* Main.storyboard */,
				11C7A6891E9EB48D0008590A /* Constants.swift */,
				11C7A6921E9EC31F0008590A /* CurrentWeather.swift */,
				117ACB061E9AFA33002DCA80 /* Assets.xcassets */,
				117ACB081E9AFA33002DCA80 /* LaunchScreen.storyboard */,
				117ACB0B1E9AFA33002DCA80 /* Info.plist */,
			);
			path = realWeather;
			sourceTree = "<group>";
		};
		118012BF1E9C92F000B734CC /* Products */ = {
			isa = PBXGroup;
			children = (
				118012CA1E9C92F000B734CC /* Alamofire.framework */,
				118012CC1E9C92F000B734CC /* Alamofire iOS Tests.xctest */,
				118012CE1E9C92F000B734CC /* Alamofire.framework */,
				118012D01E9C92F000B734CC /* Alamofire macOS Tests.xctest */,
				118012D21E9C92F000B734CC /* Alamofire.framework */,
				118012D41E9C92F000B734CC /* Alamofire tvOS Tests.xctest */,
				118012D61E9C92F000B734CC /* Alamofire.framework */,
			);
			name = Products;
			sourceTree = "<group>";
		};
		6C550D7D10057C484BD51C00 /* Frameworks */ = {
			isa = PBXGroup;
			children = (
				111CDC5D1E9C8F9E007E62EC /* Alamofire.framework */,
				4F47CB104C525166F7CE537D /* Pods_realWeather.framework */,
			);
			name = Frameworks;
			sourceTree = "<group>";
		};
		BD5667E364B7F5D338E5C00E /* Pods */ = {
			isa = PBXGroup;
			children = (
				0FF4B5CEBD925DDF982004F0 /* Pods-realWeather.debug.xcconfig */,
				18C0883D4C813849EC2A3821 /* Pods-realWeather.release.xcconfig */,
			);
			name = Pods;
			sourceTree = "<group>";
		};
/* End PBXGroup section */

/* Begin PBXNativeTarget section */
		117ACAFB1E9AFA32002DCA80 /* realWeather */ = {
			isa = PBXNativeTarget;
			buildConfigurationList = 117ACB0E1E9AFA33002DCA80 /* Build configuration list for PBXNativeTarget "realWeather" */;
			buildPhases = (
				0A6C12CA98B7B2FE4AD95772 /* [CP] Check Pods Manifest.lock */,
				117ACAF81E9AFA32002DCA80 /* Sources */,
				117ACAF91E9AFA32002DCA80 /* Frameworks */,
				117ACAFA1E9AFA32002DCA80 /* Resources */,
				F129074696CE9B1BA2D0E202 /* [CP] Embed Pods Frameworks */,
				C9D07A8B8A62D97749589747 /* [CP] Copy Pods Resources */,
				118012DB1E9C940D00B734CC /* Embed Frameworks */,
			);
			buildRules = (
			);
			dependencies = (
				118012DA1E9C940D00B734CC /* PBXTargetDependency */,
			);
			name = realWeather;
			productName = realWeather;
			productReference = 117ACAFC1E9AFA33002DCA80 /* realWeather.app */;
			productType = "com.apple.product-type.application";
		};
/* End PBXNativeTarget section */

/* Begin PBXProject section */
		117ACAF41E9AFA32002DCA80 /* Project object */ = {
			isa = PBXProject;
			attributes = {
				LastSwiftUpdateCheck = 0820;
				LastUpgradeCheck = 0820;
				ORGANIZATIONNAME = Szi;
				TargetAttributes = {
					117ACAFB1E9AFA32002DCA80 = {
						CreatedOnToolsVersion = 8.2.1;
						DevelopmentTeam = DASLK2R355;
						ProvisioningStyle = Automatic;
					};
				};
			};
			buildConfigurationList = 117ACAF71E9AFA32002DCA80 /* Build configuration list for PBXProject "realWeather" */;
			compatibilityVersion = "Xcode 3.2";
			developmentRegion = English;
			hasScannedForEncodings = 0;
			knownRegions = (
				en,
				Base,
			);
			mainGroup = 117ACAF31E9AFA32002DCA80;
			productRefGroup = 117ACAFD1E9AFA33002DCA80 /* Products */;
			projectDirPath = "";
			projectReferences = (
				{
					ProductGroup = 118012BF1E9C92F000B734CC /* Products */;
					ProjectRef = 118012BE1E9C92F000B734CC /* Alamofire.xcodeproj */;
				},
			);
			projectRoot = "";
			targets = (
				117ACAFB1E9AFA32002DCA80 /* realWeather */,
			);
		};
/* End PBXProject section */

/* Begin PBXReferenceProxy section */
		118012CA1E9C92F000B734CC /* Alamofire.framework */ = {
			isa = PBXReferenceProxy;
			fileType = wrapper.framework;
			path = Alamofire.framework;
			remoteRef = 118012C91E9C92F000B734CC /* PBXContainerItemProxy */;
			sourceTree = BUILT_PRODUCTS_DIR;
		};
		118012CC1E9C92F000B734CC /* Alamofire iOS Tests.xctest */ = {
			isa = PBXReferenceProxy;
			fileType = wrapper.cfbundle;
			path = "Alamofire iOS Tests.xctest";
			remoteRef = 118012CB1E9C92F000B734CC /* PBXContainerItemProxy */;
			sourceTree = BUILT_PRODUCTS_DIR;
		};
		118012CE1E9C92F000B734CC /* Alamofire.framework */ = {
			isa = PBXReferenceProxy;
			fileType = wrapper.framework;
			path = Alamofire.framework;
			remoteRef = 118012CD1E9C92F000B734CC /* PBXContainerItemProxy */;
			sourceTree = BUILT_PRODUCTS_DIR;
		};
		118012D01E9C92F000B734CC /* Alamofire macOS Tests.xctest */ = {
			isa = PBXReferenceProxy;
			fileType = wrapper.cfbundle;
			path = "Alamofire macOS Tests.xctest";
			remoteRef = 118012CF1E9C92F000B734CC /* PBXContainerItemProxy */;
			sourceTree = BUILT_PRODUCTS_DIR;
		};
		118012D21E9C92F000B734CC /* Alamofire.framework */ = {
			isa = PBXReferenceProxy;
			fileType = wrapper.framework;
			path = Alamofire.framework;
			remoteRef = 118012D11E9C92F000B734CC /* PBXContainerItemProxy */;
			sourceTree = BUILT_PRODUCTS_DIR;
		};
		118012D41E9C92F000B734CC /* Alamofire tvOS Tests.xctest */ = {
			isa = PBXReferenceProxy;
			fileType = wrapper.cfbundle;
			path = "Alamofire tvOS Tests.xctest";
			remoteRef = 118012D31E9C92F000B734CC /* PBXContainerItemProxy */;
			sourceTree = BUILT_PRODUCTS_DIR;
		};
		118012D61E9C92F000B734CC /* Alamofire.framework */ = {
			isa = PBXReferenceProxy;
			fileType = wrapper.framework;
			path = Alamofire.framework;
			remoteRef = 118012D51E9C92F000B734CC /* PBXContainerItemProxy */;
			sourceTree = BUILT_PRODUCTS_DIR;
		};
/* End PBXReferenceProxy section */

/* Begin PBXResourcesBuildPhase section */
		117ACAFA1E9AFA32002DCA80 /* Resources */ = {
			isa = PBXResourcesBuildPhase;
			buildActionMask = 2147483647;
			files = (
				117ACB0A1E9AFA33002DCA80 /* LaunchScreen.storyboard in Resources */,
				117ACB071E9AFA33002DCA80 /* Assets.xcassets in Resources */,
				117ACB051E9AFA33002DCA80 /* Main.storyboard in Resources */,
			);
			runOnlyForDeploymentPostprocessing = 0;
		};
/* End PBXResourcesBuildPhase section */

/* Begin PBXShellScriptBuildPhase section */
		0A6C12CA98B7B2FE4AD95772 /* [CP] Check Pods Manifest.lock */ = {
			isa = PBXShellScriptBuildPhase;
			buildActionMask = 2147483647;
			files = (
			);
			inputPaths = (
			);
			name = "[CP] Check Pods Manifest.lock";
			outputPaths = (
			);
			runOnlyForDeploymentPostprocessing = 0;
			shellPath = /bin/sh;
			shellScript = "diff \"${PODS_ROOT}/../Podfile.lock\" \"${PODS_ROOT}/Manifest.lock\" > /dev/null\nif [ $? != 0 ] ; then\n    # print error to STDERR\n    echo \"error: The sandbox is not in sync with the Podfile.lock. Run 'pod install' or update your CocoaPods installation.\" >&2\n    exit 1\nfi\n";
			showEnvVarsInLog = 0;
		};
		C9D07A8B8A62D97749589747 /* [CP] Copy Pods Resources */ = {
			isa = PBXShellScriptBuildPhase;
			buildActionMask = 2147483647;
			files = (
			);
			inputPaths = (
			);
			name = "[CP] Copy Pods Resources";
			outputPaths = (
			);
			runOnlyForDeploymentPostprocessing = 0;
			shellPath = /bin/sh;
			shellScript = "\"${SRCROOT}/Pods/Target Support Files/Pods-realWeather/Pods-realWeather-resources.sh\"\n";
			showEnvVarsInLog = 0;
		};
		F129074696CE9B1BA2D0E202 /* [CP] Embed Pods Frameworks */ = {
			isa = PBXShellScriptBuildPhase;
			buildActionMask = 2147483647;
			files = (
			);
			inputPaths = (
			);
			name = "[CP] Embed Pods Frameworks";
			outputPaths = (
			);
			runOnlyForDeploymentPostprocessing = 0;
			shellPath = /bin/sh;
			shellScript = "\"${SRCROOT}/Pods/Target Support Files/Pods-realWeather/Pods-realWeather-frameworks.sh\"\n";
			showEnvVarsInLog = 0;
		};
/* End PBXShellScriptBuildPhase section */

/* Begin PBXSourcesBuildPhase section */
		117ACAF81E9AFA32002DCA80 /* Sources */ = {
			isa = PBXSourcesBuildPhase;
			buildActionMask = 2147483647;
			files = (
				117ACB021E9AFA33002DCA80 /* WeatherViewController.swift in Sources */,
				117ACB001E9AFA33002DCA80 /* AppDelegate.swift in Sources */,
				11C7A6931E9EC31F0008590A /* CurrentWeather.swift in Sources */,
				11C7A68A1E9EB48D0008590A /* Constants.swift in Sources */,
			);
			runOnlyForDeploymentPostprocessing = 0;
		};
/* End PBXSourcesBuildPhase section */

/* Begin PBXTargetDependency section */
		118012DA1E9C940D00B734CC /* PBXTargetDependency */ = {
			isa = PBXTargetDependency;
			name = "Alamofire iOS";
			targetProxy = 118012D91E9C940D00B734CC /* PBXContainerItemProxy */;
		};
/* End PBXTargetDependency section */

/* Begin PBXVariantGroup section */
		117ACB031E9AFA33002DCA80 /* Main.storyboard */ = {
			isa = PBXVariantGroup;
			children = (
				117ACB041E9AFA33002DCA80 /* Base */,
			);
			name = Main.storyboard;
			sourceTree = "<group>";
		};
		117ACB081E9AFA33002DCA80 /* LaunchScreen.storyboard */ = {
			isa = PBXVariantGroup;
			children = (
				117ACB091E9AFA33002DCA80 /* Base */,
			);
			name = LaunchScreen.storyboard;
			sourceTree = "<group>";
		};
/* End PBXVariantGroup section */

/* Begin XCBuildConfiguration section */
		117ACB0C1E9AFA33002DCA80 /* Debug */ = {
			isa = XCBuildConfiguration;
			buildSettings = {
				ALWAYS_SEARCH_USER_PATHS = NO;
				CLANG_ANALYZER_NONNULL = YES;
				CLANG_CXX_LANGUAGE_STANDARD = "gnu++0x";
				CLANG_CXX_LIBRARY = "libc++";
				CLANG_ENABLE_MODULES = YES;
				CLANG_ENABLE_OBJC_ARC = YES;
				CLANG_WARN_BOOL_CONVERSION = YES;
				CLANG_WARN_CONSTANT_CONVERSION = YES;
				CLANG_WARN_DIRECT_OBJC_ISA_USAGE = YES_ERROR;
				CLANG_WARN_DOCUMENTATION_COMMENTS = YES;
				CLANG_WARN_EMPTY_BODY = YES;
				CLANG_WARN_ENUM_CONVERSION = YES;
				CLANG_WARN_INFINITE_RECURSION = YES;
				CLANG_WARN_INT_CONVERSION = YES;
				CLANG_WARN_OBJC_ROOT_CLASS = YES_ERROR;
				CLANG_WARN_SUSPICIOUS_MOVE = YES;
				CLANG_WARN_UNREACHABLE_CODE = YES;
				CLANG_WARN__DUPLICATE_METHOD_MATCH = YES;
				"CODE_SIGN_IDENTITY[sdk=iphoneos*]" = "iPhone Developer";
				COPY_PHASE_STRIP = NO;
				DEBUG_INFORMATION_FORMAT = dwarf;
				ENABLE_STRICT_OBJC_MSGSEND = YES;
				ENABLE_TESTABILITY = YES;
				GCC_C_LANGUAGE_STANDARD = gnu99;
				GCC_DYNAMIC_NO_PIC = NO;
				GCC_NO_COMMON_BLOCKS = YES;
				GCC_OPTIMIZATION_LEVEL = 0;
				GCC_PREPROCESSOR_DEFINITIONS = (
					"DEBUG=1",
					"$(inherited)",
				);
				GCC_WARN_64_TO_32_BIT_CONVERSION = YES;
				GCC_WARN_ABOUT_RETURN_TYPE = YES_ERROR;
				GCC_WARN_UNDECLARED_SELECTOR = YES;
				GCC_WARN_UNINITIALIZED_AUTOS = YES_AGGRESSIVE;
				GCC_WARN_UNUSED_FUNCTION = YES;
				GCC_WARN_UNUSED_VARIABLE = YES;
				IPHONEOS_DEPLOYMENT_TARGET = 10.2;
				MTL_ENABLE_DEBUG_INFO = YES;
				ONLY_ACTIVE_ARCH = YES;
				SDKROOT = iphoneos;
				SWIFT_ACTIVE_COMPILATION_CONDITIONS = DEBUG;
				SWIFT_OPTIMIZATION_LEVEL = "-Onone";
			};
			name = Debug;
		};
		117ACB0D1E9AFA33002DCA80 /* Release */ = {
			isa = XCBuildConfiguration;
			buildSettings = {
				ALWAYS_SEARCH_USER_PATHS = NO;
				CLANG_ANALYZER_NONNULL = YES;
				CLANG_CXX_LANGUAGE_STANDARD = "gnu++0x";
				CLANG_CXX_LIBRARY = "libc++";
				CLANG_ENABLE_MODULES = YES;
				CLANG_ENABLE_OBJC_ARC = YES;
				CLANG_WARN_BOOL_CONVERSION = YES;
				CLANG_WARN_CONSTANT_CONVERSION = YES;
				CLANG_WARN_DIRECT_OBJC_ISA_USAGE = YES_ERROR;
				CLANG_WARN_DOCUMENTATION_COMMENTS = YES;
				CLANG_WARN_EMPTY_BODY = YES;
				CLANG_WARN_ENUM_CONVERSION = YES;
				CLANG_WARN_INFINITE_RECURSION = YES;
				CLANG_WARN_INT_CONVERSION = YES;
				CLANG_WARN_OBJC_ROOT_CLASS = YES_ERROR;
				CLANG_WARN_SUSPICIOUS_MOVE = YES;
				CLANG_WARN_UNREACHABLE_CODE = YES;
				CLANG_WARN__DUPLICATE_METHOD_MATCH = YES;
				"CODE_SIGN_IDENTITY[sdk=iphoneos*]" = "iPhone Developer";
				COPY_PHASE_STRIP = NO;
				DEBUG_INFORMATION_FORMAT = "dwarf-with-dsym";
				ENABLE_NS_ASSERTIONS = NO;
				ENABLE_STRICT_OBJC_MSGSEND = YES;
				GCC_C_LANGUAGE_STANDARD = gnu99;
				GCC_NO_COMMON_BLOCKS = YES;
				GCC_WARN_64_TO_32_BIT_CONVERSION = YES;
				GCC_WARN_ABOUT_RETURN_TYPE = YES_ERROR;
				GCC_WARN_UNDECLARED_SELECTOR = YES;
				GCC_WARN_UNINITIALIZED_AUTOS = YES_AGGRESSIVE;
				GCC_WARN_UNUSED_FUNCTION = YES;
				GCC_WARN_UNUSED_VARIABLE = YES;
				IPHONEOS_DEPLOYMENT_TARGET = 10.2;
				MTL_ENABLE_DEBUG_INFO = NO;
				SDKROOT = iphoneos;
				SWIFT_OPTIMIZATION_LEVEL = "-Owholemodule";
				VALIDATE_PRODUCT = YES;
			};
			name = Release;
		};
		117ACB0F1E9AFA33002DCA80 /* Debug */ = {
			isa = XCBuildConfiguration;
			baseConfigurationReference = 0FF4B5CEBD925DDF982004F0 /* Pods-realWeather.debug.xcconfig */;
			buildSettings = {
				ALWAYS_EMBED_SWIFT_STANDARD_LIBRARIES = YES;
				ASSETCATALOG_COMPILER_APPICON_NAME = AppIcon;
				DEVELOPMENT_TEAM = DASLK2R355;
				INFOPLIST_FILE = realWeather/Info.plist;
				IPHONEOS_DEPLOYMENT_TARGET = 10.2;
				LD_RUNPATH_SEARCH_PATHS = "$(inherited) @executable_path/Frameworks";
				PRODUCT_BUNDLE_IDENTIFIER = com.Szi.realWeather;
				PRODUCT_NAME = "$(TARGET_NAME)";
				SWIFT_VERSION = 3.0;
			};
			name = Debug;
		};
		117ACB101E9AFA33002DCA80 /* Release */ = {
			isa = XCBuildConfiguration;
			baseConfigurationReference = 18C0883D4C813849EC2A3821 /* Pods-realWeather.release.xcconfig */;
			buildSettings = {
				ALWAYS_EMBED_SWIFT_STANDARD_LIBRARIES = YES;
				ASSETCATALOG_COMPILER_APPICON_NAME = AppIcon;
				DEVELOPMENT_TEAM = DASLK2R355;
				INFOPLIST_FILE = realWeather/Info.plist;
				IPHONEOS_DEPLOYMENT_TARGET = 10.2;
				LD_RUNPATH_SEARCH_PATHS = "$(inherited) @executable_path/Frameworks";
				PRODUCT_BUNDLE_IDENTIFIER = com.Szi.realWeather;
				PRODUCT_NAME = "$(TARGET_NAME)";
				SWIFT_VERSION = 3.0;
			};
			name = Release;
		};
/* End XCBuildConfiguration section */

/* Begin XCConfigurationList section */
		117ACAF71E9AFA32002DCA80 /* Build configuration list for PBXProject "realWeather" */ = {
			isa = XCConfigurationList;
			buildConfigurations = (
				117ACB0C1E9AFA33002DCA80 /* Debug */,
				117ACB0D1E9AFA33002DCA80 /* Release */,
			);
			defaultConfigurationIsVisible = 0;
			defaultConfigurationName = Release;
		};
		117ACB0E1E9AFA33002DCA80 /* Build configuration list for PBXNativeTarget "realWeather" */ = {
			isa = XCConfigurationList;
			buildConfigurations = (
				117ACB0F1E9AFA33002DCA80 /* Debug */,
				117ACB101E9AFA33002DCA80 /* Release */,
			);
			defaultConfigurationIsVisible = 0;
			defaultConfigurationName = Release;
		};
/* End XCConfigurationList section */
	};
	rootObject = 117ACAF41E9AFA32002DCA80 /* Project object */;
}
